
Microsoft Visual Studio Solution File, Format Version 12.00
# Visual Studio Version 16
VisualStudioVersion = 16.0.30523.141
MinimumVisualStudioVersion = 10.0.40219.1
Project("{9A19103F-16F7-4668-BE54-9A1E7A4F7556}") = "DemoConsolePostMessage", "DemoConsolePostMessage.csproj", "{116CFB7B-3A7F-4ADB-AEAC-0CE103C7A5FD}"
EndProject
Global
	GlobalSection(SolutionConfigurationPlatforms) = preSolution
		Debug|Any CPU = Debug|Any CPU
		Release|Any CPU = Release|Any CPU
	EndGlobalSection
	GlobalSection(ProjectConfigurationPlatforms) = postSolution
		{116CFB7B-3A7F-4ADB-AEAC-0CE103C7A5FD}.Debug|Any CPU.ActiveCfg = Debug|Any CPU
		{116CFB7B-3A7F-4ADB-AEAC-0CE103C7A5FD}.Debug|Any CPU.Build.0 = Debug|Any CPU
		{116CFB7B-3A7F-4ADB-AEAC-0CE103C7A5FD}.Release|Any CPU.ActiveCfg = Release|Any CPU
		{116CFB7B-3A7F-4ADB-AEAC-0CE103C7A5FD}.Release|Any CPU.Build.0 = Release|Any CPU
	EndGlobalSection
	GlobalSection(SolutionProperties) = preSolution
		HideSolutionNode = FALSE
	EndGlobalSection
	GlobalSection(ExtensibilityGlobals) = postSolution
		SolutionGuid = {B1569CD5-D14A-422F-A78B-48C08A5F4C32}
	EndGlobalSection
EndGlobal
